{
  "name": "xmpp-bosh-interface-proxy",
  "version": "1.0.0",
  "dependencies": {
    "express": {
      "version": "*",
      "dependencies": {
        "connect": {
          "version": "*",
          "dependencies": {
            "qs": {
              "version": "*"
            },
            "formidable": {
              "version": "*"
            },
            "bytes": {
              "version": "*"
            },
            "pause": {
              "version": "*"
            }
          }
        },
        "commander": {
          "version": "*"
        },
        "range-parser": {
          "version": "*"
        },
        "mkdirp": {
          "version": "*"
        },
        "cookie": {
          "version": "*"
        },
        "crc": {
          "version": "*"
        },
        "fresh": {
          "version": "*"
        },
        "methods": {
          "version": "*"
        },
        "send": {
          "version": "*",
          "dependencies": {
            "mime": {
              "version": "*"
            }
          }
        },
        "debug": {
          "version": "*"
        }
      }
    },
    "ejs": {
      "version": "*"
    },
    "express-partials": {
      "version": "*"
    },
    "http-proxy": {
      "version": "*",
      "dependencies": {
        "colors": {
          "version": "*"
        },
        "optimist": {
          "version": "*",
          "dependencies": {
            "wordwrap": {
              "version": "*"
            }
          }
        },
        "pkginfo": {
          "version": "*"
        }
      }
    }
  }
}
